
Microsoft Visual Studio Solution File, Format Version 12.00
# Visual Studio Version 17
VisualStudioVersion = 17.3.32929.385
MinimumVisualStudioVersion = 10.0.40219.1
Project("{9A19103F-16F7-4668-BE54-9A1E7A4F7556}") = "LearnCSharp", "LearnCSharp\LearnCSharp.csproj", "{B32778BB-B63D-4717-917B-8D1BA9612EB2}"
EndProject
Project("{FAE04EC0-301F-11D3-BF4B-00C04F79EFBC}") = "LearnCSharp.Infrastructure.Build", "LearnCSharp.Infrastructure.Build\LearnCSharp.Infrastructure.Build.csproj", "{BC043C5A-1AD9-4E7B-A1B6-B4598B284830}"
EndProject
Global
	GlobalSection(SolutionConfigurationPlatforms) = preSolution
		Debug|Any CPU = Debug|Any CPU
		Release|Any CPU = Release|Any CPU
	EndGlobalSection
	GlobalSection(ProjectConfigurationPlatforms) = postSolution
		{B32778BB-B63D-4717-917B-8D1BA9612EB2}.Debug|Any CPU.ActiveCfg = Debug|Any CPU
		{B32778BB-B63D-4717-917B-8D1BA9612EB2}.Debug|Any CPU.Build.0 = Debug|Any CPU
		{B32778BB-B63D-4717-917B-8D1BA9612EB2}.Release|Any CPU.ActiveCfg = Release|Any CPU
		{B32778BB-B63D-4717-917B-8D1BA9612EB2}.Release|Any CPU.Build.0 = Release|Any CPU
		{BC043C5A-1AD9-4E7B-A1B6-B4598B284830}.Debug|Any CPU.ActiveCfg = Debug|Any CPU
		{BC043C5A-1AD9-4E7B-A1B6-B4598B284830}.Debug|Any CPU.Build.0 = Debug|Any CPU
		{BC043C5A-1AD9-4E7B-A1B6-B4598B284830}.Release|Any CPU.ActiveCfg = Release|Any CPU
		{BC043C5A-1AD9-4E7B-A1B6-B4598B284830}.Release|Any CPU.Build.0 = Release|Any CPU
	EndGlobalSection
	GlobalSection(SolutionProperties) = preSolution
		HideSolutionNode = FALSE
	EndGlobalSection
	GlobalSection(ExtensibilityGlobals) = postSolution
		SolutionGuid = {9AA12DBA-02DD-43FF-9E98-E476086F5193}
	EndGlobalSection
EndGlobal
